
Microsoft Visual Studio Solution File, Format Version 12.00
# Visual Studio Version 17
VisualStudioVersion = 17.9.34902.65
MinimumVisualStudioVersion = 10.0.40219.1
Project("{FAE04EC0-301F-11D3-BF4B-00C04F79EFBC}") = "AppLogin", "AppLogin\AppLogin.csproj", "{45A850B3-DA18-41DA-A742-8E4712216962}"
EndProject
Global
	GlobalSection(SolutionConfigurationPlatforms) = preSolution
		Debug|Any CPU = Debug|Any CPU
		Release|Any CPU = Release|Any CPU
	EndGlobalSection
	GlobalSection(ProjectConfigurationPlatforms) = postSolution
		{45A850B3-DA18-41DA-A742-8E4712216962}.Debug|Any CPU.ActiveCfg = Debug|Any CPU
		{45A850B3-DA18-41DA-A742-8E4712216962}.Debug|Any CPU.Build.0 = Debug|Any CPU
		{45A850B3-DA18-41DA-A742-8E4712216962}.Release|Any CPU.ActiveCfg = Release|Any CPU
		{45A850B3-DA18-41DA-A742-8E4712216962}.Release|Any CPU.Build.0 = Release|Any CPU
	EndGlobalSection
	GlobalSection(SolutionProperties) = preSolution
		HideSolutionNode = FALSE
	EndGlobalSection
	GlobalSection(ExtensibilityGlobals) = postSolution
		SolutionGuid = {361389F7-3CEA-4BFC-8295-9EA478A9B8EC}
	EndGlobalSection
EndGlobal
